{
  "originHash" : "39241db4e3deedb2c3c4f8db558f4fe1e41b58a193271084de6e4eda678ee1b7",
  "pins" : [
    {
      "identity" : "hero",
      "kind" : "remoteSourceControl",
      "location" : "https://github.com/HeroTransitions/Hero.git",
      "state" : {
        "revision" : "670b81ed3d95f7183bbc009d0ec67c71506557b5",
        "version" : "1.6.4"
      }
    },
    {
      "identity" : "kingfisher",
      "kind" : "remoteSourceControl",
      "location" : "https://github.com/onevcat/Kingfisher.git",
      "state" : {
        "revision" : "4c6b067f96953ee19526e49e4189403a2be21fb3",
        "version" : "8.3.1"
      }
    }
  ],
  "version" : 3
}
